
Microsoft Visual Studio Solution File, Format Version 12.00
# Visual Studio Version 16
VisualStudioVersion = 16.0.29905.134
MinimumVisualStudioVersion = 10.0.40219.1
Project("{9A19103F-16F7-4668-BE54-9A1E7A4F7556}") = "BSOA", "BSOA\BSOA.csproj", "{AB599AF3-E979-46FC-80F9-C6D0EC0C1FDC}"
EndProject
Project("{9A19103F-16F7-4668-BE54-9A1E7A4F7556}") = "BSOA.Test", "BSOA.Test\BSOA.Test.csproj", "{9214D0E9-A742-49B4-9FB8-7D0627BE0F57}"
EndProject
Project("{9A19103F-16F7-4668-BE54-9A1E7A4F7556}") = "BSOA.Json", "BSOA.Json\BSOA.Json.csproj", "{DC9C4219-4691-4F10-B874-21B686A1EFC4}"
EndProject
Project("{9A19103F-16F7-4668-BE54-9A1E7A4F7556}") = "BSOA.Generator", "BSOA.Generator\BSOA.Generator.csproj", "{AD27E34A-5B7A-4CA5-8FA0-898F0ADDDE55}"
EndProject
Project("{9A19103F-16F7-4668-BE54-9A1E7A4F7556}") = "BSOA.FromJSchema", "BSOA.FromJSchema\BSOA.FromJSchema.csproj", "{047F6B6A-A3C6-45A9-90A3-51986B7F5F1C}"
EndProject
Project("{9A19103F-16F7-4668-BE54-9A1E7A4F7556}") = "BSOA.Demo", "BSOA.Demo\BSOA.Demo.csproj", "{1BBE7333-2B65-445D-ADCE-B10D4AFCC1CE}"
EndProject
Project("{FAE04EC0-301F-11D3-BF4B-00C04F79EFBC}") = "BSOA.Benchmarks", "BSOA.Benchmarks\BSOA.Benchmarks.csproj", "{88D0F478-140B-4A7E-916C-CECCE3D37164}"
EndProject
Global
	GlobalSection(SolutionConfigurationPlatforms) = preSolution
		Debug|Any CPU = Debug|Any CPU
		Release|Any CPU = Release|Any CPU
	EndGlobalSection
	GlobalSection(ProjectConfigurationPlatforms) = postSolution
		{AB599AF3-E979-46FC-80F9-C6D0EC0C1FDC}.Debug|Any CPU.ActiveCfg = Debug|Any CPU
		{AB599AF3-E979-46FC-80F9-C6D0EC0C1FDC}.Debug|Any CPU.Build.0 = Debug|Any CPU
		{AB599AF3-E979-46FC-80F9-C6D0EC0C1FDC}.Release|Any CPU.ActiveCfg = Release|Any CPU
		{AB599AF3-E979-46FC-80F9-C6D0EC0C1FDC}.Release|Any CPU.Build.0 = Release|Any CPU
		{9214D0E9-A742-49B4-9FB8-7D0627BE0F57}.Debug|Any CPU.ActiveCfg = Debug|Any CPU
		{9214D0E9-A742-49B4-9FB8-7D0627BE0F57}.Debug|Any CPU.Build.0 = Debug|Any CPU
		{9214D0E9-A742-49B4-9FB8-7D0627BE0F57}.Release|Any CPU.ActiveCfg = Release|Any CPU
		{9214D0E9-A742-49B4-9FB8-7D0627BE0F57}.Release|Any CPU.Build.0 = Release|Any CPU
		{DC9C4219-4691-4F10-B874-21B686A1EFC4}.Debug|Any CPU.ActiveCfg = Debug|Any CPU
		{DC9C4219-4691-4F10-B874-21B686A1EFC4}.Debug|Any CPU.Build.0 = Debug|Any CPU
		{DC9C4219-4691-4F10-B874-21B686A1EFC4}.Release|Any CPU.ActiveCfg = Release|Any CPU
		{DC9C4219-4691-4F10-B874-21B686A1EFC4}.Release|Any CPU.Build.0 = Release|Any CPU
		{AD27E34A-5B7A-4CA5-8FA0-898F0ADDDE55}.Debug|Any CPU.ActiveCfg = Debug|Any CPU
		{AD27E34A-5B7A-4CA5-8FA0-898F0ADDDE55}.Debug|Any CPU.Build.0 = Debug|Any CPU
		{AD27E34A-5B7A-4CA5-8FA0-898F0ADDDE55}.Release|Any CPU.ActiveCfg = Release|Any CPU
		{AD27E34A-5B7A-4CA5-8FA0-898F0ADDDE55}.Release|Any CPU.Build.0 = Release|Any CPU
		{047F6B6A-A3C6-45A9-90A3-51986B7F5F1C}.Debug|Any CPU.ActiveCfg = Debug|Any CPU
		{047F6B6A-A3C6-45A9-90A3-51986B7F5F1C}.Debug|Any CPU.Build.0 = Debug|Any CPU
		{047F6B6A-A3C6-45A9-90A3-51986B7F5F1C}.Release|Any CPU.ActiveCfg = Release|Any CPU
		{047F6B6A-A3C6-45A9-90A3-51986B7F5F1C}.Release|Any CPU.Build.0 = Release|Any CPU
		{1BBE7333-2B65-445D-ADCE-B10D4AFCC1CE}.Debug|Any CPU.ActiveCfg = Debug|Any CPU
		{1BBE7333-2B65-445D-ADCE-B10D4AFCC1CE}.Debug|Any CPU.Build.0 = Debug|Any CPU
		{1BBE7333-2B65-445D-ADCE-B10D4AFCC1CE}.Release|Any CPU.ActiveCfg = Release|Any CPU
		{1BBE7333-2B65-445D-ADCE-B10D4AFCC1CE}.Release|Any CPU.Build.0 = Release|Any CPU
		{88D0F478-140B-4A7E-916C-CECCE3D37164}.Debug|Any CPU.ActiveCfg = Debug|Any CPU
		{88D0F478-140B-4A7E-916C-CECCE3D37164}.Debug|Any CPU.Build.0 = Debug|Any CPU
		{88D0F478-140B-4A7E-916C-CECCE3D37164}.Release|Any CPU.ActiveCfg = Release|Any CPU
		{88D0F478-140B-4A7E-916C-CECCE3D37164}.Release|Any CPU.Build.0 = Release|Any CPU
	EndGlobalSection
	GlobalSection(SolutionProperties) = preSolution
		HideSolutionNode = FALSE
	EndGlobalSection
	GlobalSection(ExtensibilityGlobals) = postSolution
		SolutionGuid = {B93E5327-8E18-4479-B2F8-D40C36683FBF}
	EndGlobalSection
EndGlobal
